// !$*UTF8*$!
{
	archiveVersion = 1;
	classes = {
	};
	objectVersion = 50;
	objects = {

/* Begin PBXBuildFile section */
		4B57B26925878E5A000DA51F /* data.swift in Sources */ = {isa = PBXBuildFile; fileRef = 4B57B26825878E5A000DA51F /* data.swift */; };
		597F4A052580C59A00F2931F /* MyXiaoYaeApp.swift in Sources */ = {isa = PBXBuildFile; fileRef = 597F4A042580C59A00F2931F /* MyXiaoYaeApp.swift */; };
		597F4A072580C59A00F2931F /* ContentView.swift in Sources */ = {isa = PBXBuildFile; fileRef = 597F4A062580C59A00F2931F /* ContentView.swift */; };
		597F4A092580C59C00F2931F /* Assets.xcassets in Resources */ = {isa = PBXBuildFile; fileRef = 597F4A082580C59C00F2931F /* Assets.xcassets */; };
		597F4A0C2580C59C00F2931F /* Preview Assets.xcassets in Resources */ = {isa = PBXBuildFile; fileRef = 597F4A0B2580C59C00F2931F /* Preview Assets.xcassets */; };
		597F4A152580C60000F2931F /* MainView.swift in Sources */ = {isa = PBXBuildFile; fileRef = 597F4A142580C60000F2931F /* MainView.swift */; };
/* End PBXBuildFile section */

/* Begin PBXFileReference section */
		4B57B26825878E5A000DA51F /* data.swift */ = {isa = PBXFileReference; lastKnownFileType = sourcecode.swift; path = data.swift; sourceTree = "<group>"; };
		597F4A012580C59A00F2931F /* MyXiaoYae.app */ = {isa = PBXFileReference; explicitFileType = wrapper.application; includeInIndex = 0; path = MyXiaoYae.app; sourceTree = BUILT_PRODUCTS_DIR; };
		597F4A042580C59A00F2931F /* MyXiaoYaeApp.swift */ = {isa = PBXFileReference; lastKnownFileType = sourcecode.swift; path = MyXiaoYaeApp.swift; sourceTree = "<group>"; };
		597F4A062580C59A00F2931F /* ContentView.swift */ = {isa = PBXFileReference; lastKnownFileType = sourcecode.swift; path = ContentView.swift; sourceTree = "<group>"; };
		597F4A082580C59C00F2931F /* Assets.xcassets */ = {isa = PBXFileReference; lastKnownFileType = folder.assetcatalog; path = Assets.xcassets; sourceTree = "<group>"; };
		597F4A0B2580C59C00F2931F /* Preview Assets.xcassets */ = {isa = PBXFileReference; lastKnownFileType = folder.assetcatalog; path = "Preview Assets.xcassets"; sourceTree = "<group>"; };
		597F4A0D2580C59C00F2931F /* Info.plist */ = {isa = PBXFileReference; lastKnownFileType = text.plist.xml; path = Info.plist; sourceTree = "<group>"; };
		597F4A142580C60000F2931F /* MainView.swift */ = {isa = PBXFileReference; lastKnownFileType = sourcecode.swift; path = MainView.swift; sourceTree = "<group>"; };
/* End PBXFileReference section */

/* Begin PBXFrameworksBuildPhase section */
		597F49FE2580C59A00F2931F /* Frameworks */ = {
			isa = PBXFrameworksBuildPhase;
			buildActionMask = 2147483647;
			files = (
			);
			runOnlyForDeploymentPostprocessing = 0;
		};
/* End PBXFrameworksBuildPhase section */

/* Begin PBXGroup section */
		597F49F82580C59900F2931F = {
			isa = PBXGroup;
			children = (
				597F4A032580C59A00F2931F /* MyXiaoYae */,
				597F4A022580C59A00F2931F /* Products */,
			);
			sourceTree = "<group>";
		};
		597F4A022580C59A00F2931F /* Products */ = {
			isa = PBXGroup;
			children = (
				597F4A012580C59A00F2931F /* MyXiaoYae.app */,
			);
			name = Products;
			sourceTree = "<group>";
		};
		597F4A032580C59A00F2931F /* MyXiaoYae */ = {
			isa = PBXGroup;
			children = (
				597F4A042580C59A00F2931F /* MyXiaoYaeApp.swift */,
				597F4A062580C59A00F2931F /* ContentView.swift */,
				597F4A142580C60000F2931F /* MainView.swift */,
				4B57B26825878E5A000DA51F /* data.swift */,
				597F4A082580C59C00F2931F /* Assets.xcassets */,
				597F4A0D2580C59C00F2931F /* Info.plist */,
				597F4A0A2580C59C00F2931F /* Preview Content */,
			);
			path = MyXiaoYae;
			sourceTree = "<group>";
		};
		597F4A0A2580C59C00F2931F /* Preview Content */ = {
			isa = PBXGroup;
			children = (
				597F4A0B2580C59C00F2931F /* Preview Assets.xcassets */,
			);
			path = "Preview Content";
			sourceTree = "<group>";
		};
/* End PBXGroup section */

/* Begin PBXNativeTarget section */
		597F4A002580C59A00F2931F /* MyXiaoYae */ = {
			isa = PBXNativeTarget;
			buildConfigurationList = 597F4A102580C59C00F2931F /* Build configuration list for PBXNativeTarget "MyXiaoYae" */;
			buildPhases = (
				597F49FD2580C59A00F2931F /* Sources */,
				597F49FE2580C59A00F2931F /* Frameworks */,
				597F49FF2580C59A00F2931F /* Resources */,
			);
			buildRules = (
			);
			dependencies = (
			);
			name = MyXiaoYae;
			productName = MyXiaoYae;
			productReference = 597F4A012580C59A00F2931F /* MyXiaoYae.app */;
			productType = "com.apple.product-type.application";
		};
/* End PBXNativeTarget section */

/* Begin PBXProject section */
		597F49F92580C59900F2931F /* Project object */ = {
			isa = PBXProject;
			attributes = {
				LastSwiftUpdateCheck = 1220;
				LastUpgradeCheck = 1220;
				TargetAttributes = {
					597F4A002580C59A00F2931F = {
						CreatedOnToolsVersion = 12.2;
					};
				};
			};
			buildConfigurationList = 597F49FC2580C59900F2931F /* Build configuration list for PBXProject "MyXiaoYae" */;
			compatibilityVersion = "Xcode 9.3";
			developmentRegion = en;
			hasScannedForEncodings = 0;
			knownRegions = (
				en,
				Base,
			);
			mainGroup = 597F49F82580C59900F2931F;
			productRefGroup = 597F4A022580C59A00F2931F /* Products */;
			projectDirPath = "";
			projectRoot = "";
			targets = (
				597F4A002580C59A00F2931F /* MyXiaoYae */,
			);
		};
/* End PBXProject section */

/* Begin PBXResourcesBuildPhase section */
		597F49FF2580C59A00F2931F /* Resources */ = {
			isa = PBXResourcesBuildPhase;
			buildActionMask = 2147483647;
			files = (
				597F4A0C2580C59C00F2931F /* Preview Assets.xcassets in Resources */,
				597F4A092580C59C00F2931F /* Assets.xcassets in Resources */,
			);
			runOnlyForDeploymentPostprocessing = 0;
		};
/* End PBXResourcesBuildPhase section */

/* Begin PBXSourcesBuildPhase section */
		597F49FD2580C59A00F2931F /* Sources */ = {
			isa = PBXSourcesBuildPhase;
			buildActionMask = 2147483647;
			files = (
				597F4A072580C59A00F2931F /* ContentView.swift in Sources */,
				597F4A152580C60000F2931F /* MainView.swift in Sources */,
				597F4A052580C59A00F2931F /* MyXiaoYaeApp.swift in Sources */,
				4B57B26925878E5A000DA51F /* data.swift in Sources */,
			);
			runOnlyForDeploymentPostprocessing = 0;
		};
/* End PBXSourcesBuildPhase section */

/* Begin XCBuildConfiguration section */
		597F4A0E2580C59C00F2931F /* Debug */ = {
			isa = XCBuildConfiguration;
			buildSettings = {
				ALWAYS_SEARCH_USER_PATHS = NO;
				CLANG_ANALYZER_NONNULL = YES;
				CLANG_ANALYZER_NUMBER_OBJECT_CONVERSION = YES_AGGRESSIVE;
				CLANG_CXX_LANGUAGE_STANDARD = "gnu++14";
				CLANG_CXX_LIBRARY = "libc++";
				CLANG_ENABLE_MODULES = YES;
				CLANG_ENABLE_OBJC_ARC = YES;
				CLANG_ENABLE_OBJC_WEAK = YES;
				CLANG_WARN_BLOCK_CAPTURE_AUTORELEASING = YES;
				CLANG_WARN_BOOL_CONVERSION = YES;
				CLANG_WARN_COMMA = YES;
				CLANG_WARN_CONSTANT_CONVERSION = YES;
				CLANG_WARN_DEPRECATED_OBJC_IMPLEMENTATIONS = YES;
				CLANG_WARN_DIRECT_OBJC_ISA_USAGE = YES_ERROR;
				CLANG_WARN_DOCUMENTATION_COMMENTS = YES;
				CLANG_WARN_EMPTY_BODY = YES;
				CLANG_WARN_ENUM_CONVERSION = YES;
				CLANG_WARN_INFINITE_RECURSION = YES;
				CLANG_WARN_INT_CONVERSION = YES;
				CLANG_WARN_NON_LITERAL_NULL_CONVERSION = YES;
				CLANG_WARN_OBJC_IMPLICIT_RETAIN_SELF = YES;
				CLANG_WARN_OBJC_LITERAL_CONVERSION = YES;
				CLANG_WARN_OBJC_ROOT_CLASS = YES_ERROR;
				CLANG_WARN_QUOTED_INCLUDE_IN_FRAMEWORK_HEADER = YES;
				CLANG_WARN_RANGE_LOOP_ANALYSIS = YES;
				CLANG_WARN_STRICT_PROTOTYPES = YES;
				CLANG_WARN_SUSPICIOUS_MOVE = YES;
				CLANG_WARN_UNGUARDED_AVAILABILITY = YES_AGGRESSIVE;
				CLANG_WARN_UNREACHABLE_CODE = YES;
				CLANG_WARN__DUPLICATE_METHOD_MATCH = YES;
				COPY_PHASE_STRIP = NO;
				DEBUG_INFORMATION_FORMAT = dwarf;
				ENABLE_STRICT_OBJC_MSGSEND = YES;
				ENABLE_TESTABILITY = YES;
				GCC_C_LANGUAGE_STANDARD = gnu11;
				GCC_DYNAMIC_NO_PIC = NO;
				GCC_NO_COMMON_BLOCKS = YES;
				GCC_OPTIMIZATION_LEVEL = 0;
				GCC_PREPROCESSOR_DEFINITIONS = (
					"DEBUG=1",
					"$(inherited)",
				);
				GCC_WARN_64_TO_32_BIT_CONVERSION = YES;
				GCC_WARN_ABOUT_RETURN_TYPE = YES_ERROR;
				GCC_WARN_UNDECLARED_SELECTOR = YES;
				GCC_WARN_UNINITIALIZED_AUTOS = YES_AGGRESSIVE;
				GCC_WARN_UNUSED_FUNCTION = YES;
				GCC_WARN_UNUSED_VARIABLE = YES;
				IPHONEOS_DEPLOYMENT_TARGET = 14.2;
				MTL_ENABLE_DEBUG_INFO = INCLUDE_SOURCE;
				MTL_FAST_MATH = YES;
				ONLY_ACTIVE_ARCH = YES;
				SDKROOT = iphoneos;
				SWIFT_ACTIVE_COMPILATION_CONDITIONS = DEBUG;
				SWIFT_OPTIMIZATION_LEVEL = "-Onone";
			};
			name = Debug;
		};
		597F4A0F2580C59C00F2931F /* Release */ = {
			isa = XCBuildConfiguration;
			buildSettings = {
				ALWAYS_SEARCH_USER_PATHS = NO;
				CLANG_ANALYZER_NONNULL = YES;
				CLANG_ANALYZER_NUMBER_OBJECT_CONVERSION = YES_AGGRESSIVE;
				CLANG_CXX_LANGUAGE_STANDARD = "gnu++14";
				CLANG_CXX_LIBRARY = "libc++";
				CLANG_ENABLE_MODULES = YES;
				CLANG_ENABLE_OBJC_ARC = YES;
				CLANG_ENABLE_OBJC_WEAK = YES;
				CLANG_WARN_BLOCK_CAPTURE_AUTORELEASING = YES;
				CLANG_WARN_BOOL_CONVERSION = YES;
				CLANG_WARN_COMMA = YES;
				CLANG_WARN_CONSTANT_CONVERSION = YES;
				CLANG_WARN_DEPRECATED_OBJC_IMPLEMENTATIONS = YES;
				CLANG_WARN_DIRECT_OBJC_ISA_USAGE = YES_ERROR;
				CLANG_WARN_DOCUMENTATION_COMMENTS = YES;
				CLANG_WARN_EMPTY_BODY = YES;
				CLANG_WARN_ENUM_CONVERSION = YES;
				CLANG_WARN_INFINITE_RECURSION = YES;
				CLANG_WARN_INT_CONVERSION = YES;
				CLANG_WARN_NON_LITERAL_NULL_CONVERSION = YES;
				CLANG_WARN_OBJC_IMPLICIT_RETAIN_SELF = YES;
				CLANG_WARN_OBJC_LITERAL_CONVERSION = YES;
				CLANG_WARN_OBJC_ROOT_CLASS = YES_ERROR;
				CLANG_WARN_QUOTED_INCLUDE_IN_FRAMEWORK_HEADER = YES;
				CLANG_WARN_RANGE_LOOP_ANALYSIS = YES;
				CLANG_WARN_STRICT_PROTOTYPES = YES;
				CLANG_WARN_SUSPICIOUS_MOVE = YES;
				CLANG_WARN_UNGUARDED_AVAILABILITY = YES_AGGRESSIVE;
				CLANG_WARN_UNREACHABLE_CODE = YES;
				CLANG_WARN__DUPLICATE_METHOD_MATCH = YES;
				COPY_PHASE_STRIP = NO;
				DEBUG_INFORMATION_FORMAT = "dwarf-with-dsym";
				ENABLE_NS_ASSERTIONS = NO;
				ENABLE_STRICT_OBJC_MSGSEND = YES;
				GCC_C_LANGUAGE_STANDARD = gnu11;
				GCC_NO_COMMON_BLOCKS = YES;
				GCC_WARN_64_TO_32_BIT_CONVERSION = YES;
				GCC_WARN_ABOUT_RETURN_TYPE = YES_ERROR;
				GCC_WARN_UNDECLARED_SELECTOR = YES;
				GCC_WARN_UNINITIALIZED_AUTOS = YES_AGGRESSIVE;
				GCC_WARN_UNUSED_FUNCTION = YES;
				GCC_WARN_UNUSED_VARIABLE = YES;
				IPHONEOS_DEPLOYMENT_TARGET = 14.2;
				MTL_ENABLE_DEBUG_INFO = NO;
				MTL_FAST_MATH = YES;
				SDKROOT = iphoneos;
				SWIFT_COMPILATION_MODE = wholemodule;
				SWIFT_OPTIMIZATION_LEVEL = "-O";
				VALIDATE_PRODUCT = YES;
			};
			name = Release;
		};
		597F4A112580C59C00F2931F /* Debug */ = {
			isa = XCBuildConfiguration;
			buildSettings = {
				ASSETCATALOG_COMPILER_APPICON_NAME = AppIcon;
				ASSETCATALOG_COMPILER_GLOBAL_ACCENT_COLOR_NAME = AccentColor;
				CODE_SIGN_STYLE = Automatic;
				DEVELOPMENT_ASSET_PATHS = "\"MyXiaoYae/Preview Content\"";
				ENABLE_PREVIEWS = YES;
				INFOPLIST_FILE = MyXiaoYae/Info.plist;
				IPHONEOS_DEPLOYMENT_TARGET = 14.0;
				LD_RUNPATH_SEARCH_PATHS = (
					"$(inherited)",
					"@executable_path/Frameworks",
				);
				PRODUCT_BUNDLE_IDENTIFIER = lin1999.MyXiaoYae;
				PRODUCT_NAME = "$(TARGET_NAME)";
				SWIFT_VERSION = 5.0;
				TARGETED_DEVICE_FAMILY = "1,2";
			};
			name = Debug;
		};
		597F4A122580C59C00F2931F /* Release */ = {
			isa = XCBuildConfiguration;
			buildSettings = {
				ASSETCATALOG_COMPILER_APPICON_NAME = AppIcon;
				ASSETCATALOG_COMPILER_GLOBAL_ACCENT_COLOR_NAME = AccentColor;
				CODE_SIGN_STYLE = Automatic;
				DEVELOPMENT_ASSET_PATHS = "\"MyXiaoYae/Preview Content\"";
				ENABLE_PREVIEWS = YES;
				INFOPLIST_FILE = MyXiaoYae/Info.plist;
				IPHONEOS_DEPLOYMENT_TARGET = 14.0;
				LD_RUNPATH_SEARCH_PATHS = (
					"$(inherited)",
					"@executable_path/Frameworks",
				);
				PRODUCT_BUNDLE_IDENTIFIER = lin1999.MyXiaoYae;
				PRODUCT_NAME = "$(TARGET_NAME)";
				SWIFT_VERSION = 5.0;
				TARGETED_DEVICE_FAMILY = "1,2";
			};
			name = Release;
		};
/* End XCBuildConfiguration section */

/* Begin XCConfigurationList section */
		597F49FC2580C59900F2931F /* Build configuration list for PBXProject "MyXiaoYae" */ = {
			isa = XCConfigurationList;
			buildConfigurations = (
				597F4A0E2580C59C00F2931F /* Debug */,
				597F4A0F2580C59C00F2931F /* Release */,
			);
			defaultConfigurationIsVisible = 0;
			defaultConfigurationName = Release;
		};
		597F4A102580C59C00F2931F /* Build configuration list for PBXNativeTarget "MyXiaoYae" */ = {
			isa = XCConfigurationList;
			buildConfigurations = (
				597F4A112580C59C00F2931F /* Debug */,
				597F4A122580C59C00F2931F /* Release */,
			);
			defaultConfigurationIsVisible = 0;
			defaultConfigurationName = Release;
		};
/* End XCConfigurationList section */
	};
	rootObject = 597F49F92580C59900F2931F /* Project object */;
}
